Microsoft Visual Studio Solution File, Format Version 12.00
# Visual Studio Version 17
VisualStudioVersion = 17.8.34309.116
MinimumVisualStudioVersion = 10.0.40219.1
Project("{9A19103F-16F7-4668-BE54-9A1E7A4F7556}") = "PrivateLike", "src\PrivateLike\PrivateLike.csproj", "{316AB56D-022B-43F1-95EB-3DE73E2CBB81}"
EndProject
Global
    GlobalSection(SolutionConfigurationPlatforms) = preSolution
        Debug|Any CPU = Debug|Any CPU
        Release|Any CPU = Release|Any CPU
    EndGlobalSection
    GlobalSection(ProjectConfigurationPlatforms) = postSolution
        {316AB56D-022B-43F1-95EB-3DE73E2CBB81}.Debug|Any CPU.ActiveCfg = Debug|Any CPU
        {316AB56D-022B-43F1-95EB-3DE73E2CBB81}.Debug|Any CPU.Build.0 = Debug|Any CPU
        {316AB56D-022B-43F1-95EB-3DE73E2CBB81}.Release|Any CPU.ActiveCfg = Release|Any CPU
        {316AB56D-022B-43F1-95EB-3DE73E2CBB81}.Release|Any CPU.Build.0 = Release|Any CPU
    EndGlobalSection
    GlobalSection(SolutionProperties) = preSolution
        HideSolutionNode = FALSE
    EndGlobalSection
    GlobalSection(ExtensibilityGlobals) = postSolution
        SolutionGuid = {AD2E2A94-3C0F-44F4-9B23-FB40448C344A}
    EndGlobalSection
EndGlobal
